
Microsoft Visual Studio Solution File, Format Version 12.00
# Visual Studio Version 17
VisualStudioVersion = 17.9.34728.123
MinimumVisualStudioVersion = 10.0.40219.1
Project("{FAE04EC0-301F-11D3-BF4B-00C04F79EFBC}") = "Design Patterns in C#", "Design Patterns in C#.csproj", "{7FCB41A8-8A83-4C3E-8309-EB8A4884CB66}"
EndProject
Global
	GlobalSection(SolutionConfigurationPlatforms) = preSolution
		Debug|Any CPU = Debug|Any CPU
		Release|Any CPU = Release|Any CPU
	EndGlobalSection
	GlobalSection(ProjectConfigurationPlatforms) = postSolution
		{7FCB41A8-8A83-4C3E-8309-EB8A4884CB66}.Debug|Any CPU.ActiveCfg = Debug|Any CPU
		{7FCB41A8-8A83-4C3E-8309-EB8A4884CB66}.Debug|Any CPU.Build.0 = Debug|Any CPU
		{7FCB41A8-8A83-4C3E-8309-EB8A4884CB66}.Release|Any CPU.ActiveCfg = Release|Any CPU
		{7FCB41A8-8A83-4C3E-8309-EB8A4884CB66}.Release|Any CPU.Build.0 = Release|Any CPU
	EndGlobalSection
	GlobalSection(SolutionProperties) = preSolution
		HideSolutionNode = FALSE
	EndGlobalSection
	GlobalSection(ExtensibilityGlobals) = postSolution
		SolutionGuid = {3E48E97B-3FBD-46B4-82BB-6726DAFECAE9}
	EndGlobalSection
EndGlobal
